
Microsoft Visual Studio Solution File, Format Version 12.00
# Visual Studio 15
VisualStudioVersion = 15.0.27130.2026
MinimumVisualStudioVersion = 10.0.40219.1
Project("{8BC9CEB8-8B4A-11D0-8D11-00A0C91BC942}") = "Zadacha1", "Zadacha1\Zadacha1.vcxproj", "{2B31A4DC-E30E-42C7-BF62-9A9218121DFC}"
EndProject
Project("{8BC9CEB8-8B4A-11D0-8D11-00A0C91BC942}") = "Zadacha3", "Zadacha3\Zadacha3.vcxproj", "{7F18FC53-E416-438C-A972-56983D4DBFC6}"
EndProject
Project("{8BC9CEB8-8B4A-11D0-8D11-00A0C91BC942}") = "Zadacha3 Book version", "Zadacha3 Book version\Zadacha3 Book version.vcxproj", "{D7B58469-1699-450B-BD86-39CA360B93C7}"
EndProject
Project("{8BC9CEB8-8B4A-11D0-8D11-00A0C91BC942}") = "Zadacha1 version2", "Zadacha1 version2\Zadacha1 version2.vcxproj", "{461312C9-D57E-4E99-BDA6-0CAFA9B06D13}"
EndProject
Project("{8BC9CEB8-8B4A-11D0-8D11-00A0C91BC942}") = "Zadacha3 version2", "Zadacha3 version2\Zadacha3 version2.vcxproj", "{5E7A1938-6416-43D2-A197-536706443BDA}"
EndProject
Project("{8BC9CEB8-8B4A-11D0-8D11-00A0C91BC942}") = "Zadacha3 version2 Book version", "Zadacha3 version2 Book version\Zadacha3 version2 Book version.vcxproj", "{2FE89231-9C52-4F39-BE16-961242CD43B8}"
EndProject
Project("{8BC9CEB8-8B4A-11D0-8D11-00A0C91BC942}") = "Zadacha3 version3", "Zadacha3 version3\Zadacha3 version3.vcxproj", "{F3642F12-08B2-4B7F-A634-00CA1C96DA51}"
EndProject
Project("{8BC9CEB8-8B4A-11D0-8D11-00A0C91BC942}") = "Zadacha4", "Zadacha4\Zadacha4.vcxproj", "{B4E4784B-13AA-43BD-9372-F0FC827B6B44}"
EndProject
Project("{8BC9CEB8-8B4A-11D0-8D11-00A0C91BC942}") = "Zadacha4 Book version", "Zadacha4 Book version\Zadacha4 Book version.vcxproj", "{A36F7F50-3A55-4538-AC47-03B312EADBB6}"
EndProject
Project("{8BC9CEB8-8B4A-11D0-8D11-00A0C91BC942}") = "Zadacha ot izpita1", "Zadacha ot izpita1\Zadacha ot izpita1.vcxproj", "{6B63D16A-0126-447A-975E-3A055E9E06CA}"
EndProject
Project("{8BC9CEB8-8B4A-11D0-8D11-00A0C91BC942}") = "ZadachaFunction", "ZadachaFunction\ZadachaFunction.vcxproj", "{A8FB8A9E-58FC-4ED7-A7B7-58F11FBCB0CB}"
EndProject
Project("{8BC9CEB8-8B4A-11D0-8D11-00A0C91BC942}") = "ArrayPointerZadacha", "ArrayPointerZadacha\ArrayPointerZadacha.vcxproj", "{1A9BF301-9842-488A-A225-DCB41BEBBB50}"
EndProject
Global
	GlobalSection(SolutionConfigurationPlatforms) = preSolution
		Debug|x64 = Debug|x64
		Debug|x86 = Debug|x86
		Release|x64 = Release|x64
		Release|x86 = Release|x86
	EndGlobalSection
	GlobalSection(ProjectConfigurationPlatforms) = postSolution
		{2B31A4DC-E30E-42C7-BF62-9A9218121DFC}.Debug|x64.ActiveCfg = Debug|x64
		{2B31A4DC-E30E-42C7-BF62-9A9218121DFC}.Debug|x64.Build.0 = Debug|x64
		{2B31A4DC-E30E-42C7-BF62-9A9218121DFC}.Debug|x86.ActiveCfg = Debug|Win32
		{2B31A4DC-E30E-42C7-BF62-9A9218121DFC}.Debug|x86.Build.0 = Debug|Win32
		{2B31A4DC-E30E-42C7-BF62-9A9218121DFC}.Release|x64.ActiveCfg = Release|x64
		{2B31A4DC-E30E-42C7-BF62-9A9218121DFC}.Release|x64.Build.0 = Release|x64
		{2B31A4DC-E30E-42C7-BF62-9A9218121DFC}.Release|x86.ActiveCfg = Release|Win32
		{2B31A4DC-E30E-42C7-BF62-9A9218121DFC}.Release|x86.Build.0 = Release|Win32
		{7F18FC53-E416-438C-A972-56983D4DBFC6}.Debug|x64.ActiveCfg = Debug|x64
		{7F18FC53-E416-438C-A972-56983D4DBFC6}.Debug|x64.Build.0 = Debug|x64
		{7F18FC53-E416-438C-A972-56983D4DBFC6}.Debug|x86.ActiveCfg = Debug|Win32
		{7F18FC53-E416-438C-A972-56983D4DBFC6}.Debug|x86.Build.0 = Debug|Win32
		{7F18FC53-E416-438C-A972-56983D4DBFC6}.Release|x64.ActiveCfg = Release|x64
		{7F18FC53-E416-438C-A972-56983D4DBFC6}.Release|x64.Build.0 = Release|x64
		{7F18FC53-E416-438C-A972-56983D4DBFC6}.Release|x86.ActiveCfg = Release|Win32
		{7F18FC53-E416-438C-A972-56983D4DBFC6}.Release|x86.Build.0 = Release|Win32
		{D7B58469-1699-450B-BD86-39CA360B93C7}.Debug|x64.ActiveCfg = Debug|x64
		{D7B58469-1699-450B-BD86-39CA360B93C7}.Debug|x64.Build.0 = Debug|x64
		{D7B58469-1699-450B-BD86-39CA360B93C7}.Debug|x86.ActiveCfg = Debug|Win32
		{D7B58469-1699-450B-BD86-39CA360B93C7}.Debug|x86.Build.0 = Debug|Win32
		{D7B58469-1699-450B-BD86-39CA360B93C7}.Release|x64.ActiveCfg = Release|x64
		{D7B58469-1699-450B-BD86-39CA360B93C7}.Release|x64.Build.0 = Release|x64
		{D7B58469-1699-450B-BD86-39CA360B93C7}.Release|x86.ActiveCfg = Release|Win32
		{D7B58469-1699-450B-BD86-39CA360B93C7}.Release|x86.Build.0 = Release|Win32
		{461312C9-D57E-4E99-BDA6-0CAFA9B06D13}.Debug|x64.ActiveCfg = Debug|x64
		{461312C9-D57E-4E99-BDA6-0CAFA9B06D13}.Debug|x64.Build.0 = Debug|x64
		{461312C9-D57E-4E99-BDA6-0CAFA9B06D13}.Debug|x86.ActiveCfg = Debug|Win32
		{461312C9-D57E-4E99-BDA6-0CAFA9B06D13}.Debug|x86.Build.0 = Debug|Win32
		{461312C9-D57E-4E99-BDA6-0CAFA9B06D13}.Release|x64.ActiveCfg = Release|x64
		{461312C9-D57E-4E99-BDA6-0CAFA9B06D13}.Release|x64.Build.0 = Release|x64
		{461312C9-D57E-4E99-BDA6-0CAFA9B06D13}.Release|x86.ActiveCfg = Release|Win32
		{461312C9-D57E-4E99-BDA6-0CAFA9B06D13}.Release|x86.Build.0 = Release|Win32
		{5E7A1938-6416-43D2-A197-536706443BDA}.Debug|x64.ActiveCfg = Debug|x64
		{5E7A1938-6416-43D2-A197-536706443BDA}.Debug|x64.Build.0 = Debug|x64
		{5E7A1938-6416-43D2-A197-536706443BDA}.Debug|x86.ActiveCfg = Debug|Win32
		{5E7A1938-6416-43D2-A197-536706443BDA}.Debug|x86.Build.0 = Debug|Win32
		{5E7A1938-6416-43D2-A197-536706443BDA}.Release|x64.ActiveCfg = Release|x64
		{5E7A1938-6416-43D2-A197-536706443BDA}.Release|x64.Build.0 = Release|x64
		{5E7A1938-6416-43D2-A197-536706443BDA}.Release|x86.ActiveCfg = Release|Win32
		{5E7A1938-6416-43D2-A197-536706443BDA}.Release|x86.Build.0 = Release|Win32
		{2FE89231-9C52-4F39-BE16-961242CD43B8}.Debug|x64.ActiveCfg = Debug|x64
		{2FE89231-9C52-4F39-BE16-961242CD43B8}.Debug|x64.Build.0 = Debug|x64
		{2FE89231-9C52-4F39-BE16-961242CD43B8}.Debug|x86.ActiveCfg = Debug|Win32
		{2FE89231-9C52-4F39-BE16-961242CD43B8}.Debug|x86.Build.0 = Debug|Win32
		{2FE89231-9C52-4F39-BE16-961242CD43B8}.Release|x64.ActiveCfg = Release|x64
		{2FE89231-9C52-4F39-BE16-961242CD43B8}.Release|x64.Build.0 = Release|x64
		{2FE89231-9C52-4F39-BE16-961242CD43B8}.Release|x86.ActiveCfg = Release|Win32
		{2FE89231-9C52-4F39-BE16-961242CD43B8}.Release|x86.Build.0 = Release|Win32
		{F3642F12-08B2-4B7F-A634-00CA1C96DA51}.Debug|x64.ActiveCfg = Debug|x64
		{F3642F12-08B2-4B7F-A634-00CA1C96DA51}.Debug|x64.Build.0 = Debug|x64
		{F3642F12-08B2-4B7F-A634-00CA1C96DA51}.Debug|x86.ActiveCfg = Debug|Win32
		{F3642F12-08B2-4B7F-A634-00CA1C96DA51}.Debug|x86.Build.0 = Debug|Win32
		{F3642F12-08B2-4B7F-A634-00CA1C96DA51}.Release|x64.ActiveCfg = Release|x64
		{F3642F12-08B2-4B7F-A634-00CA1C96DA51}.Release|x64.Build.0 = Release|x64
		{F3642F12-08B2-4B7F-A634-00CA1C96DA51}.Release|x86.ActiveCfg = Release|Win32
		{F3642F12-08B2-4B7F-A634-00CA1C96DA51}.Release|x86.Build.0 = Release|Win32
		{B4E4784B-13AA-43BD-9372-F0FC827B6B44}.Debug|x64.ActiveCfg = Debug|x64
		{B4E4784B-13AA-43BD-9372-F0FC827B6B44}.Debug|x64.Build.0 = Debug|x64
		{B4E4784B-13AA-43BD-9372-F0FC827B6B44}.Debug|x86.ActiveCfg = Debug|Win32
		{B4E4784B-13AA-43BD-9372-F0FC827B6B44}.Debug|x86.Build.0 = Debug|Win32
		{B4E4784B-13AA-43BD-9372-F0FC827B6B44}.Release|x64.ActiveCfg = Release|x64
		{B4E4784B-13AA-43BD-9372-F0FC827B6B44}.Release|x64.Build.0 = Release|x64
		{B4E4784B-13AA-43BD-9372-F0FC827B6B44}.Release|x86.ActiveCfg = Release|Win32
		{B4E4784B-13AA-43BD-9372-F0FC827B6B44}.Release|x86.Build.0 = Release|Win32
		{A36F7F50-3A55-4538-AC47-03B312EADBB6}.Debug|x64.ActiveCfg = Debug|x64
		{A36F7F50-3A55-4538-AC47-03B312EADBB6}.Debug|x64.Build.0 = Debug|x64
		{A36F7F50-3A55-4538-AC47-03B312EADBB6}.Debug|x86.ActiveCfg = Debug|Win32
		{A36F7F50-3A55-4538-AC47-03B312EADBB6}.Debug|x86.Build.0 = Debug|Win32
		{A36F7F50-3A55-4538-AC47-03B312EADBB6}.Release|x64.ActiveCfg = Release|x64
		{A36F7F50-3A55-4538-AC47-03B312EADBB6}.Release|x64.Build.0 = Release|x64
		{A36F7F50-3A55-4538-AC47-03B312EADBB6}.Release|x86.ActiveCfg = Release|Win32
		{A36F7F50-3A55-4538-AC47-03B312EADBB6}.Release|x86.Build.0 = Release|Win32
		{6B63D16A-0126-447A-975E-3A055E9E06CA}.Debug|x64.ActiveCfg = Debug|x64
		{6B63D16A-0126-447A-975E-3A055E9E06CA}.Debug|x64.Build.0 = Debug|x64
		{6B63D16A-0126-447A-975E-3A055E9E06CA}.Debug|x86.ActiveCfg = Debug|Win32
		{6B63D16A-0126-447A-975E-3A055E9E06CA}.Debug|x86.Build.0 = Debug|Win32
		{6B63D16A-0126-447A-975E-3A055E9E06CA}.Release|x64.ActiveCfg = Release|x64
		{6B63D16A-0126-447A-975E-3A055E9E06CA}.Release|x64.Build.0 = Release|x64
		{6B63D16A-0126-447A-975E-3A055E9E06CA}.Release|x86.ActiveCfg = Release|Win32
		{6B63D16A-0126-447A-975E-3A055E9E06CA}.Release|x86.Build.0 = Release|Win32
		{A8FB8A9E-58FC-4ED7-A7B7-58F11FBCB0CB}.Debug|x64.ActiveCfg = Debug|x64
		{A8FB8A9E-58FC-4ED7-A7B7-58F11FBCB0CB}.Debug|x64.Build.0 = Debug|x64
		{A8FB8A9E-58FC-4ED7-A7B7-58F11FBCB0CB}.Debug|x86.ActiveCfg = Debug|Win32
		{A8FB8A9E-58FC-4ED7-A7B7-58F11FBCB0CB}.Debug|x86.Build.0 = Debug|Win32
		{A8FB8A9E-58FC-4ED7-A7B7-58F11FBCB0CB}.Release|x64.ActiveCfg = Release|x64
		{A8FB8A9E-58FC-4ED7-A7B7-58F11FBCB0CB}.Release|x64.Build.0 = Release|x64
		{A8FB8A9E-58FC-4ED7-A7B7-58F11FBCB0CB}.Release|x86.ActiveCfg = Release|Win32
		{A8FB8A9E-58FC-4ED7-A7B7-58F11FBCB0CB}.Release|x86.Build.0 = Release|Win32
		{1A9BF301-9842-488A-A225-DCB41BEBBB50}.Debug|x64.ActiveCfg = Debug|x64
		{1A9BF301-9842-488A-A225-DCB41BEBBB50}.Debug|x64.Build.0 = Debug|x64
		{1A9BF301-9842-488A-A225-DCB41BEBBB50}.Debug|x86.ActiveCfg = Debug|Win32
		{1A9BF301-9842-488A-A225-DCB41BEBBB50}.Debug|x86.Build.0 = Debug|Win32
		{1A9BF301-9842-488A-A225-DCB41BEBBB50}.Release|x64.ActiveCfg = Release|x64
		{1A9BF301-9842-488A-A225-DCB41BEBBB50}.Release|x64.Build.0 = Release|x64
		{1A9BF301-9842-488A-A225-DCB41BEBBB50}.Release|x86.ActiveCfg = Release|Win32
		{1A9BF301-9842-488A-A225-DCB41BEBBB50}.Release|x86.Build.0 = Release|Win32
	EndGlobalSection
	GlobalSection(SolutionProperties) = preSolution
		HideSolutionNode = FALSE
	EndGlobalSection
	GlobalSection(ExtensibilityGlobals) = postSolution
		SolutionGuid = {0D3BB343-8BA3-4928-AD51-0DBFA70AE6CD}
	EndGlobalSection
EndGlobal
